{
  "nodes": {
    "cachyos-kernel": {
      "flake": false,
      "locked": {
        "lastModified": 1773425695,
        "narHash": "sha256-O5Fr6f+iS+IVKdB59yqkCaWfkr1SSHD5BLDDlZO7RwU=",
        "owner": "CachyOS",
        "repo": "linux-cachyos",
        "rev": "3b9ae1ae5d4ee95e1509d350b65c0777dde97628",
        "type": "github"
      },
      "original": {
        "owner": "CachyOS",
        "repo": "linux-cachyos",
        "type": "github"
      }
    },
    "cachyos-kernel-patches": {
      "flake": false,
      "locked": {
        "lastModified": 1773430072,
        "narHash": "sha256-0X47YCF1CUnLiQ1M6Lh4hc3ax9aV5DX/wCmMfuMyM1o=",
        "owner": "CachyOS",
        "repo": "kernel-patches",
        "rev": "ac70453c25200f0a30ad38b3caa63020869f0f8a",
        "type": "github"
      },
      "original": {
        "owner": "CachyOS",
        "repo": "kernel-patches",
        "type": "github"
      }
    },
    "flake-compat": {
      "flake": false,
      "locked": {
        "lastModified": 1767039857,
        "narHash": "sha256-vNpUSpF5Nuw8xvDLj2KCwwksIbjua2LZCqhV1LNRDns=",
        "owner": "NixOS",
        "repo": "flake-compat",
        "rev": "5edf11c44bc78a0d334f6334cdaf7d60d732daab",
        "type": "github"
      },
      "original": {
        "owner": "NixOS",
        "repo": "flake-compat",
        "type": "github"
      }
    },
    "flake-parts": {
      "inputs": {
        "nixpkgs-lib": [
          "neovim-nightly-overlay",
          "nixpkgs"
        ]
      },
      "locked": {
        "lastModified": 1772408722,
        "narHash": "sha256-rHuJtdcOjK7rAHpHphUb1iCvgkU3GpfvicLMwwnfMT0=",
        "owner": "hercules-ci",
        "repo": "flake-parts",
        "rev": "f20dc5d9b8027381c474144ecabc9034d6a839a3",
        "type": "github"
      },
      "original": {
        "owner": "hercules-ci",
        "repo": "flake-parts",
        "type": "github"
      }
    },
    "flake-parts_2": {
      "inputs": {
        "nixpkgs-lib": "nixpkgs-lib"
      },
      "locked": {
        "lastModified": 1772408722,
        "narHash": "sha256-rHuJtdcOjK7rAHpHphUb1iCvgkU3GpfvicLMwwnfMT0=",
        "owner": "hercules-ci",
        "repo": "flake-parts",
        "rev": "f20dc5d9b8027381c474144ecabc9034d6a839a3",
        "type": "github"
      },
      "original": {
        "owner": "hercules-ci",
        "repo": "flake-parts",
        "type": "github"
      }
    },
    "home-manager": {
      "inputs": {
        "nixpkgs": [
          "nixpkgs"
        ]
      },
      "locked": {
        "lastModified": 1773666768,
        "narHash": "sha256-7XvLaFMQOsfWrK+msO0Oqe5CeNYsAlSGjrl5y14gA6w=",
        "owner": "nix-community",
        "repo": "home-manager",
        "rev": "ca53f083dbd4c83dd5dca8a3099374708e155c32",
        "type": "github"
      },
      "original": {
        "owner": "nix-community",
        "repo": "home-manager",
        "type": "github"
      }
    },
    "neovim-nightly-overlay": {
      "inputs": {
        "flake-parts": "flake-parts",
        "neovim-src": "neovim-src",
        "nixpkgs": [
          "nixpkgs"
        ]
      },
      "locked": {
        "lastModified": 1773619513,
        "narHash": "sha256-2xCVm8ajE9pNngv489dPKOUa5P0tlmJRwgVPjhy7c8w=",
        "owner": "nix-community",
        "repo": "neovim-nightly-overlay",
        "rev": "07227cc79efb9c1744ec99d51f98c7a3584a62d2",
        "type": "github"
      },
      "original": {
        "owner": "nix-community",
        "repo": "neovim-nightly-overlay",
        "type": "github"
      }
    },
    "neovim-src": {
      "flake": false,
      "locked": {
        "lastModified": 1773615769,
        "narHash": "sha256-qU71k2BTckpJDHpjxaU4aQwl14+iApnAycq+IJDTmO0=",
        "owner": "neovim",
        "repo": "neovim",
        "rev": "16f7440cc7b59b7e5c79f593fedc117d2d16d7dd",
        "type": "github"
      },
      "original": {
        "owner": "neovim",
        "repo": "neovim",
        "type": "github"
      }
    },
    "nix-cachyos-kernel": {
      "inputs": {
        "cachyos-kernel": "cachyos-kernel",
        "cachyos-kernel-patches": "cachyos-kernel-patches",
        "flake-compat": "flake-compat",
        "flake-parts": "flake-parts_2",
        "nixpkgs": "nixpkgs"
      },
      "locked": {
        "lastModified": 1773597464,
        "narHash": "sha256-3SVrc1AMkY1UE36MD4qvmTkY/ZToK2F55Afut5Qm5F8=",
        "owner": "xddxdd",
        "repo": "nix-cachyos-kernel",
        "rev": "30468236d5cdd9cb5dea6e757159e04816439146",
        "type": "github"
      },
      "original": {
        "owner": "xddxdd",
        "ref": "release",
        "repo": "nix-cachyos-kernel",
        "type": "github"
      }
    },
    "nixpkgs": {
      "locked": {
        "lastModified": 1773563071,
        "narHash": "sha256-p4f6smYpck1hw6gYsT2omq01gnlZ1E7HTpssDQ0fP+g=",
        "owner": "NixOS",
        "repo": "nixpkgs",
        "rev": "1c6f50e5b62030a50799682b6babc9dcc5a271ae",
        "type": "github"
      },
      "original": {
        "owner": "NixOS",
        "ref": "nixos-unstable-small",
        "repo": "nixpkgs",
        "type": "github"
      }
    },
    "nixpkgs-lib": {
      "locked": {
        "lastModified": 1772328832,
        "narHash": "sha256-e+/T/pmEkLP6BHhYjx6GmwP5ivonQQn0bJdH9YrRB+Q=",
        "owner": "nix-community",
        "repo": "nixpkgs.lib",
        "rev": "c185c7a5e5dd8f9add5b2f8ebeff00888b070742",
        "type": "github"
      },
      "original": {
        "owner": "nix-community",
        "repo": "nixpkgs.lib",
        "type": "github"
      }
    },
    "nixpkgs-master": {
      "locked": {
        "lastModified": 1773680118,
        "narHash": "sha256-C81ueK9IZnmb91tJUUgJCKkpVlj+1Pawh6YI0U18FUg=",
        "owner": "nixos",
        "repo": "nixpkgs",
        "rev": "ab3a4934fd052a5b41299ebccfee96bd5fe9f34a",
        "type": "github"
      },
      "original": {
        "owner": "nixos",
        "repo": "nixpkgs",
        "type": "github"
      }
    },
    "nixpkgs_2": {
      "locked": {
        "lastModified": 1773597492,
        "narHash": "sha256-hQ284SkIeNaeyud+LS0WVLX+WL2rxcVZLFEaK0e03zg=",
        "owner": "nixos",
        "repo": "nixpkgs",
        "rev": "a07d4ce6bee67d7c838a8a5796e75dff9caa21ef",
        "type": "github"
      },
      "original": {
        "owner": "nixos",
        "ref": "nixpkgs-unstable",
        "repo": "nixpkgs",
        "type": "github"
      }
    },
    "root": {
      "inputs": {
        "home-manager": "home-manager",
        "neovim-nightly-overlay": "neovim-nightly-overlay",
        "nix-cachyos-kernel": "nix-cachyos-kernel",
        "nixpkgs": "nixpkgs_2",
        "nixpkgs-master": "nixpkgs-master",
        "zen-browser": "zen-browser"
      }
    },
    "zen-browser": {
      "inputs": {
        "home-manager": [
          "home-manager"
        ],
        "nixpkgs": [
          "nixpkgs"
        ]
      },
      "locked": {
        "lastModified": 1773661718,
        "narHash": "sha256-MYm1EKp/gbBi9wMEf7Lx0agIVnej/P61sg97EruWzrU=",
        "owner": "0xc000022070",
        "repo": "zen-browser-flake",
        "rev": "3ac6ea223b32ff63c45e3577712df991a35aaf33",
        "type": "github"
      },
      "original": {
        "owner": "0xc000022070",
        "repo": "zen-browser-flake",
        "type": "github"
      }
    }
  },
  "root": "root",
  "version": 7
}
